
Microsoft Visual Studio Solution File, Format Version 12.00
# Visual Studio Version 16
VisualStudioVersion = 16.0.30907.101
MinimumVisualStudioVersion = 10.0.40219.1
Project("{FAE04EC0-301F-11D3-BF4B-00C04F79EFBC}") = "Tcgv.CryptoCorrelation.App", "Tcgv.CryptoCorrelation.App\Tcgv.CryptoCorrelation.App.csproj", "{2B865DCA-C545-4440-BA81-1DAC8DC6289F}"
EndProject
Global
	GlobalSection(SolutionConfigurationPlatforms) = preSolution
		Debug|Any CPU = Debug|Any CPU
		Release|Any CPU = Release|Any CPU
	EndGlobalSection
	GlobalSection(ProjectConfigurationPlatforms) = postSolution
		{2B865DCA-C545-4440-BA81-1DAC8DC6289F}.Debug|Any CPU.ActiveCfg = Debug|Any CPU
		{2B865DCA-C545-4440-BA81-1DAC8DC6289F}.Debug|Any CPU.Build.0 = Debug|Any CPU
		{2B865DCA-C545-4440-BA81-1DAC8DC6289F}.Release|Any CPU.ActiveCfg = Release|Any CPU
		{2B865DCA-C545-4440-BA81-1DAC8DC6289F}.Release|Any CPU.Build.0 = Release|Any CPU
	EndGlobalSection
	GlobalSection(SolutionProperties) = preSolution
		HideSolutionNode = FALSE
	EndGlobalSection
	GlobalSection(ExtensibilityGlobals) = postSolution
		SolutionGuid = {F9C2D718-B9D8-41E5-BE65-BE0EE0CB46B8}
	EndGlobalSection
EndGlobal
